
Microsoft Visual Studio Solution File, Format Version 12.00
# Visual Studio Version 17
VisualStudioVersion = 17.14.36109.1 d17.14
MinimumVisualStudioVersion = 10.0.40219.1
Project("{FAE04EC0-301F-11D3-BF4B-00C04F79EFBC}") = "ApiTemplate", "ApiTemplate\ApiTemplate.csproj", "{222B5D40-032B-40E8-9EE2-760F8CA6C1FA}"
EndProject
Global
	GlobalSection(SolutionConfigurationPlatforms) = preSolution
		Debug|Any CPU = Debug|Any CPU
		Release|Any CPU = Release|Any CPU
	EndGlobalSection
	GlobalSection(ProjectConfigurationPlatforms) = postSolution
		{222B5D40-032B-40E8-9EE2-760F8CA6C1FA}.Debug|Any CPU.ActiveCfg = Debug|Any CPU
		{222B5D40-032B-40E8-9EE2-760F8CA6C1FA}.Debug|Any CPU.Build.0 = Debug|Any CPU
		{222B5D40-032B-40E8-9EE2-760F8CA6C1FA}.Release|Any CPU.ActiveCfg = Release|Any CPU
		{222B5D40-032B-40E8-9EE2-760F8CA6C1FA}.Release|Any CPU.Build.0 = Release|Any CPU
	EndGlobalSection
	GlobalSection(SolutionProperties) = preSolution
		HideSolutionNode = FALSE
	EndGlobalSection
	GlobalSection(ExtensibilityGlobals) = postSolution
		SolutionGuid = {42172963-0AA5-4FE2-AC54-81AD2DA74AB1}
	EndGlobalSection
EndGlobal
